
Microsoft Visual Studio Solution File, Format Version 12.00
# Visual Studio 2013
VisualStudioVersion = 12.0.31101.0
MinimumVisualStudioVersion = 10.0.40219.1
Project("{FAE04EC0-301F-11D3-BF4B-00C04F79EFBC}") = "ExecuteSilentProcess", "ExecuteSilentProcess\ExecuteSilentProcess.csproj", "{B60C47A0-DC8B-4041-B2DB-8146D957EDDD}"
EndProject
Project("{FAE04EC0-301F-11D3-BF4B-00C04F79EFBC}") = "Foo", "Foo\Foo.csproj", "{6654BFCC-122C-4BFE-831E-D3EB86992DF2}"
EndProject
Global
	GlobalSection(SolutionConfigurationPlatforms) = preSolution
		Debug|Any CPU = Debug|Any CPU
		Release|Any CPU = Release|Any CPU
	EndGlobalSection
	GlobalSection(ProjectConfigurationPlatforms) = postSolution
		{B60C47A0-DC8B-4041-B2DB-8146D957EDDD}.Debug|Any CPU.ActiveCfg = Debug|Any CPU
		{B60C47A0-DC8B-4041-B2DB-8146D957EDDD}.Debug|Any CPU.Build.0 = Debug|Any CPU
		{B60C47A0-DC8B-4041-B2DB-8146D957EDDD}.Release|Any CPU.ActiveCfg = Release|Any CPU
		{B60C47A0-DC8B-4041-B2DB-8146D957EDDD}.Release|Any CPU.Build.0 = Release|Any CPU
		{6654BFCC-122C-4BFE-831E-D3EB86992DF2}.Debug|Any CPU.ActiveCfg = Debug|Any CPU
		{6654BFCC-122C-4BFE-831E-D3EB86992DF2}.Debug|Any CPU.Build.0 = Debug|Any CPU
		{6654BFCC-122C-4BFE-831E-D3EB86992DF2}.Release|Any CPU.ActiveCfg = Release|Any CPU
		{6654BFCC-122C-4BFE-831E-D3EB86992DF2}.Release|Any CPU.Build.0 = Release|Any CPU
	EndGlobalSection
	GlobalSection(SolutionProperties) = preSolution
		HideSolutionNode = FALSE
	EndGlobalSection
EndGlobal
